
Microsoft Visual Studio Solution File, Format Version 12.00
# Visual Studio 15
VisualStudioVersion = 15.0.26430.13
MinimumVisualStudioVersion = 10.0.40219.1
Project("{FAE04EC0-301F-11D3-BF4B-00C04F79EFBC}") = "BiometricsPOC.Android", "BiometricsPOC\BiometricsPOC.Android\BiometricsPOC.Android.csproj", "{82B4D9EE-4327-4487-8A76-F9430EAAF28A}"
EndProject
Project("{FAE04EC0-301F-11D3-BF4B-00C04F79EFBC}") = "BiometricsPOC", "BiometricsPOC\BiometricsPOC\BiometricsPOC.csproj", "{CAA006CF-D173-497E-A9FF-A6B4AA4BB7DF}"
EndProject
Project("{FAE04EC0-301F-11D3-BF4B-00C04F79EFBC}") = "BiometricsPOC.iOS", "BiometricsPOC\BiometricsPOC.iOS\BiometricsPOC.iOS.csproj", "{D57D6A25-3142-42B5-9DBA-575DB52F3429}"
EndProject
Global
	GlobalSection(SolutionConfigurationPlatforms) = preSolution
		Ad-Hoc|Any CPU = Ad-Hoc|Any CPU
		Ad-Hoc|iPhone = Ad-Hoc|iPhone
		Ad-Hoc|iPhoneSimulator = Ad-Hoc|iPhoneSimulator
		AppStore|Any CPU = AppStore|Any CPU
		AppStore|iPhone = AppStore|iPhone
		AppStore|iPhoneSimulator = AppStore|iPhoneSimulator
		Debug|Any CPU = Debug|Any CPU
		Debug|iPhone = Debug|iPhone
		Debug|iPhoneSimulator = Debug|iPhoneSimulator
		Release|Any CPU = Release|Any CPU
		Release|iPhone = Release|iPhone
		Release|iPhoneSimulator = Release|iPhoneSimulator
	EndGlobalSection
	GlobalSection(ProjectConfigurationPlatforms) = postSolution
		{82B4D9EE-4327-4487-8A76-F9430EAAF28A}.Ad-Hoc|Any CPU.ActiveCfg = Release|Any CPU
		{82B4D9EE-4327-4487-8A76-F9430EAAF28A}.Ad-Hoc|Any CPU.Build.0 = Release|Any CPU
		{82B4D9EE-4327-4487-8A76-F9430EAAF28A}.Ad-Hoc|Any CPU.Deploy.0 = Release|Any CPU
		{82B4D9EE-4327-4487-8A76-F9430EAAF28A}.Ad-Hoc|iPhone.ActiveCfg = Release|Any CPU
		{82B4D9EE-4327-4487-8A76-F9430EAAF28A}.Ad-Hoc|iPhone.Build.0 = Release|Any CPU
		{82B4D9EE-4327-4487-8A76-F9430EAAF28A}.Ad-Hoc|iPhone.Deploy.0 = Release|Any CPU
		{82B4D9EE-4327-4487-8A76-F9430EAAF28A}.Ad-Hoc|iPhoneSimulator.ActiveCfg = Release|Any CPU
		{82B4D9EE-4327-4487-8A76-F9430EAAF28A}.Ad-Hoc|iPhoneSimulator.Build.0 = Release|Any CPU
		{82B4D9EE-4327-4487-8A76-F9430EAAF28A}.Ad-Hoc|iPhoneSimulator.Deploy.0 = Release|Any CPU
		{82B4D9EE-4327-4487-8A76-F9430EAAF28A}.AppStore|Any CPU.ActiveCfg = Release|Any CPU
		{82B4D9EE-4327-4487-8A76-F9430EAAF28A}.AppStore|Any CPU.Build.0 = Release|Any CPU
		{82B4D9EE-4327-4487-8A76-F9430EAAF28A}.AppStore|Any CPU.Deploy.0 = Release|Any CPU
		{82B4D9EE-4327-4487-8A76-F9430EAAF28A}.AppStore|iPhone.ActiveCfg = Release|Any CPU
		{82B4D9EE-4327-4487-8A76-F9430EAAF28A}.AppStore|iPhone.Build.0 = Release|Any CPU
		{82B4D9EE-4327-4487-8A76-F9430EAAF28A}.AppStore|iPhone.Deploy.0 = Release|Any CPU
		{82B4D9EE-4327-4487-8A76-F9430EAAF28A}.AppStore|iPhoneSimulator.ActiveCfg = Release|Any CPU
		{82B4D9EE-4327-4487-8A76-F9430EAAF28A}.AppStore|iPhoneSimulator.Build.0 = Release|Any CPU
		{82B4D9EE-4327-4487-8A76-F9430EAAF28A}.AppStore|iPhoneSimulator.Deploy.0 = Release|Any CPU
		{82B4D9EE-4327-4487-8A76-F9430EAAF28A}.Debug|Any CPU.ActiveCfg = Debug|Any CPU
		{82B4D9EE-4327-4487-8A76-F9430EAAF28A}.Debug|Any CPU.Build.0 = Debug|Any CPU
		{82B4D9EE-4327-4487-8A76-F9430EAAF28A}.Debug|Any CPU.Deploy.0 = Debug|Any CPU
		{82B4D9EE-4327-4487-8A76-F9430EAAF28A}.Debug|iPhone.ActiveCfg = Debug|Any CPU
		{82B4D9EE-4327-4487-8A76-F9430EAAF28A}.Debug|iPhone.Build.0 = Debug|Any CPU
		{82B4D9EE-4327-4487-8A76-F9430EAAF28A}.Debug|iPhone.Deploy.0 = Debug|Any CPU
		{82B4D9EE-4327-4487-8A76-F9430EAAF28A}.Debug|iPhoneSimulator.ActiveCfg = Debug|Any CPU
		{82B4D9EE-4327-4487-8A76-F9430EAAF28A}.Debug|iPhoneSimulator.Build.0 = Debug|Any CPU
		{82B4D9EE-4327-4487-8A76-F9430EAAF28A}.Debug|iPhoneSimulator.Deploy.0 = Debug|Any CPU
		{82B4D9EE-4327-4487-8A76-F9430EAAF28A}.Release|Any CPU.ActiveCfg = Release|Any CPU
		{82B4D9EE-4327-4487-8A76-F9430EAAF28A}.Release|Any CPU.Build.0 = Release|Any CPU
		{82B4D9EE-4327-4487-8A76-F9430EAAF28A}.Release|Any CPU.Deploy.0 = Release|Any CPU
		{82B4D9EE-4327-4487-8A76-F9430EAAF28A}.Release|iPhone.ActiveCfg = Release|Any CPU
		{82B4D9EE-4327-4487-8A76-F9430EAAF28A}.Release|iPhone.Build.0 = Release|Any CPU
		{82B4D9EE-4327-4487-8A76-F9430EAAF28A}.Release|iPhone.Deploy.0 = Release|Any CPU
		{82B4D9EE-4327-4487-8A76-F9430EAAF28A}.Release|iPhoneSimulator.ActiveCfg = Release|Any CPU
		{82B4D9EE-4327-4487-8A76-F9430EAAF28A}.Release|iPhoneSimulator.Build.0 = Release|Any CPU
		{82B4D9EE-4327-4487-8A76-F9430EAAF28A}.Release|iPhoneSimulator.Deploy.0 = Release|Any CPU
		{CAA006CF-D173-497E-A9FF-A6B4AA4BB7DF}.Ad-Hoc|Any CPU.ActiveCfg = Release|Any CPU
		{CAA006CF-D173-497E-A9FF-A6B4AA4BB7DF}.Ad-Hoc|Any CPU.Build.0 = Release|Any CPU
		{CAA006CF-D173-497E-A9FF-A6B4AA4BB7DF}.Ad-Hoc|iPhone.ActiveCfg = Release|Any CPU
		{CAA006CF-D173-497E-A9FF-A6B4AA4BB7DF}.Ad-Hoc|iPhone.Build.0 = Release|Any CPU
		{CAA006CF-D173-497E-A9FF-A6B4AA4BB7DF}.Ad-Hoc|iPhoneSimulator.ActiveCfg = Release|Any CPU
		{CAA006CF-D173-497E-A9FF-A6B4AA4BB7DF}.Ad-Hoc|iPhoneSimulator.Build.0 = Release|Any CPU
		{CAA006CF-D173-497E-A9FF-A6B4AA4BB7DF}.AppStore|Any CPU.ActiveCfg = Release|Any CPU
		{CAA006CF-D173-497E-A9FF-A6B4AA4BB7DF}.AppStore|Any CPU.Build.0 = Release|Any CPU
		{CAA006CF-D173-497E-A9FF-A6B4AA4BB7DF}.AppStore|iPhone.ActiveCfg = Release|Any CPU
		{CAA006CF-D173-497E-A9FF-A6B4AA4BB7DF}.AppStore|iPhone.Build.0 = Release|Any CPU
		{CAA006CF-D173-497E-A9FF-A6B4AA4BB7DF}.AppStore|iPhoneSimulator.ActiveCfg = Release|Any CPU
		{CAA006CF-D173-497E-A9FF-A6B4AA4BB7DF}.AppStore|iPhoneSimulator.Build.0 = Release|Any CPU
		{CAA006CF-D173-497E-A9FF-A6B4AA4BB7DF}.Debug|Any CPU.ActiveCfg = Debug|Any CPU
		{CAA006CF-D173-497E-A9FF-A6B4AA4BB7DF}.Debug|Any CPU.Build.0 = Debug|Any CPU
		{CAA006CF-D173-497E-A9FF-A6B4AA4BB7DF}.Debug|iPhone.ActiveCfg = Debug|Any CPU
		{CAA006CF-D173-497E-A9FF-A6B4AA4BB7DF}.Debug|iPhone.Build.0 = Debug|Any CPU
		{CAA006CF-D173-497E-A9FF-A6B4AA4BB7DF}.Debug|iPhoneSimulator.ActiveCfg = Debug|Any CPU
		{CAA006CF-D173-497E-A9FF-A6B4AA4BB7DF}.Debug|iPhoneSimulator.Build.0 = Debug|Any CPU
		{CAA006CF-D173-497E-A9FF-A6B4AA4BB7DF}.Release|Any CPU.ActiveCfg = Release|Any CPU
		{CAA006CF-D173-497E-A9FF-A6B4AA4BB7DF}.Release|Any CPU.Build.0 = Release|Any CPU
		{CAA006CF-D173-497E-A9FF-A6B4AA4BB7DF}.Release|iPhone.ActiveCfg = Release|Any CPU
		{CAA006CF-D173-497E-A9FF-A6B4AA4BB7DF}.Release|iPhone.Build.0 = Release|Any CPU
		{CAA006CF-D173-497E-A9FF-A6B4AA4BB7DF}.Release|iPhoneSimulator.ActiveCfg = Release|Any CPU
		{CAA006CF-D173-497E-A9FF-A6B4AA4BB7DF}.Release|iPhoneSimulator.Build.0 = Release|Any CPU
		{D57D6A25-3142-42B5-9DBA-575DB52F3429}.Ad-Hoc|Any CPU.ActiveCfg = Ad-Hoc|iPhone
		{D57D6A25-3142-42B5-9DBA-575DB52F3429}.Ad-Hoc|iPhone.ActiveCfg = Ad-Hoc|iPhone
		{D57D6A25-3142-42B5-9DBA-575DB52F3429}.Ad-Hoc|iPhone.Build.0 = Ad-Hoc|iPhone
		{D57D6A25-3142-42B5-9DBA-575DB52F3429}.Ad-Hoc|iPhoneSimulator.ActiveCfg = Ad-Hoc|iPhoneSimulator
		{D57D6A25-3142-42B5-9DBA-575DB52F3429}.Ad-Hoc|iPhoneSimulator.Build.0 = Ad-Hoc|iPhoneSimulator
		{D57D6A25-3142-42B5-9DBA-575DB52F3429}.AppStore|Any CPU.ActiveCfg = AppStore|iPhone
		{D57D6A25-3142-42B5-9DBA-575DB52F3429}.AppStore|iPhone.ActiveCfg = AppStore|iPhone
		{D57D6A25-3142-42B5-9DBA-575DB52F3429}.AppStore|iPhone.Build.0 = AppStore|iPhone
		{D57D6A25-3142-42B5-9DBA-575DB52F3429}.AppStore|iPhoneSimulator.ActiveCfg = AppStore|iPhoneSimulator
		{D57D6A25-3142-42B5-9DBA-575DB52F3429}.AppStore|iPhoneSimulator.Build.0 = AppStore|iPhoneSimulator
		{D57D6A25-3142-42B5-9DBA-575DB52F3429}.Debug|Any CPU.ActiveCfg = Debug|iPhone
		{D57D6A25-3142-42B5-9DBA-575DB52F3429}.Debug|iPhone.ActiveCfg = Debug|iPhone
		{D57D6A25-3142-42B5-9DBA-575DB52F3429}.Debug|iPhone.Build.0 = Debug|iPhone
		{D57D6A25-3142-42B5-9DBA-575DB52F3429}.Debug|iPhoneSimulator.ActiveCfg = Debug|iPhoneSimulator
		{D57D6A25-3142-42B5-9DBA-575DB52F3429}.Debug|iPhoneSimulator.Build.0 = Debug|iPhoneSimulator
		{D57D6A25-3142-42B5-9DBA-575DB52F3429}.Release|Any CPU.ActiveCfg = Release|iPhone
		{D57D6A25-3142-42B5-9DBA-575DB52F3429}.Release|iPhone.ActiveCfg = Release|iPhone
		{D57D6A25-3142-42B5-9DBA-575DB52F3429}.Release|iPhone.Build.0 = Release|iPhone
		{D57D6A25-3142-42B5-9DBA-575DB52F3429}.Release|iPhoneSimulator.ActiveCfg = Release|iPhoneSimulator
		{D57D6A25-3142-42B5-9DBA-575DB52F3429}.Release|iPhoneSimulator.Build.0 = Release|iPhoneSimulator
	EndGlobalSection
	GlobalSection(SolutionProperties) = preSolution
		HideSolutionNode = FALSE
	EndGlobalSection
EndGlobal
